Microsoft Visual Studio Solution File, Format Version 8.00
Project("{FAE04EC0-301F-11D3-BF4B-00C04F79EFBC}") = "MyMessageBox", "MyMessageBox.csproj", "{DAECBA84-3558-4283-9E34-23E2934EF87F}"
	ProjectSection(ProjectDependencies) = postProject
	EndProjectSection
EndProject
Global
	GlobalSection(SolutionConfiguration) = preSolution
		Debug = Debug
		Release = Release
	EndGlobalSection
	GlobalSection(ProjectConfiguration) = postSolution
		{DAECBA84-3558-4283-9E34-23E2934EF87F}.Debug.ActiveCfg = Release|.NET
		{DAECBA84-3558-4283-9E34-23E2934EF87F}.Debug.Build.0 = Release|.NET
		{DAECBA84-3558-4283-9E34-23E2934EF87F}.Release.ActiveCfg = Release|.NET
		{DAECBA84-3558-4283-9E34-23E2934EF87F}.Release.Build.0 = Release|.NET
	EndGlobalSection
	GlobalSection(ExtensibilityGlobals) = postSolution
	EndGlobalSection
	GlobalSection(ExtensibilityAddIns) = postSolution
	EndGlobalSection
EndGlobal
